
Microsoft Visual Studio Solution File, Format Version 12.00
# Visual Studio 2013
VisualStudioVersion = 12.0.21005.1
MinimumVisualStudioVersion = 10.0.40219.1
Project("{FAE04EC0-301F-11D3-BF4B-00C04F79EFBC}") = "LotteryReptile", "LotteryReptile\LotteryReptile.csproj", "{53BC5E0B-E319-45A3-84C9-7B5BFEFD011E}"
EndProject
Global
	GlobalSection(SolutionConfigurationPlatforms) = preSolution
		Debug|Any CPU = Debug|Any CPU
		Release|Any CPU = Release|Any CPU
	EndGlobalSection
	GlobalSection(ProjectConfigurationPlatforms) = postSolution
		{53BC5E0B-E319-45A3-84C9-7B5BFEFD011E}.Debug|Any CPU.ActiveCfg = Debug|Any CPU
		{53BC5E0B-E319-45A3-84C9-7B5BFEFD011E}.Debug|Any CPU.Build.0 = Debug|Any CPU
		{53BC5E0B-E319-45A3-84C9-7B5BFEFD011E}.Release|Any CPU.ActiveCfg = Release|Any CPU
		{53BC5E0B-E319-45A3-84C9-7B5BFEFD011E}.Release|Any CPU.Build.0 = Release|Any CPU
	EndGlobalSection
	GlobalSection(SolutionProperties) = preSolution
		HideSolutionNode = FALSE
	EndGlobalSection
EndGlobal
